
Microsoft Visual Studio Solution File, Format Version 12.00
# Visual Studio Version 17
VisualStudioVersion = 17.7.34221.43
MinimumVisualStudioVersion = 10.0.40219.1
Project("{FAE04EC0-301F-11D3-BF4B-00C04F79EFBC}") = "MedifyMe", "MedifyMe\MedifyMe.csproj", "{9677E3EE-2F3A-4F81-B584-52DB313C695B}"
EndProject
Global
	GlobalSection(SolutionConfigurationPlatforms) = preSolution
		Debug|Any CPU = Debug|Any CPU
		Release|Any CPU = Release|Any CPU
	EndGlobalSection
	GlobalSection(ProjectConfigurationPlatforms) = postSolution
		{9677E3EE-2F3A-4F81-B584-52DB313C695B}.Debug|Any CPU.ActiveCfg = Debug|Any CPU
		{9677E3EE-2F3A-4F81-B584-52DB313C695B}.Debug|Any CPU.Build.0 = Debug|Any CPU
		{9677E3EE-2F3A-4F81-B584-52DB313C695B}.Release|Any CPU.ActiveCfg = Release|Any CPU
		{9677E3EE-2F3A-4F81-B584-52DB313C695B}.Release|Any CPU.Build.0 = Release|Any CPU
	EndGlobalSection
	GlobalSection(SolutionProperties) = preSolution
		HideSolutionNode = FALSE
	EndGlobalSection
	GlobalSection(ExtensibilityGlobals) = postSolution
		SolutionGuid = {F24856C1-D684-41B4-8062-AEC67E766EAF}
	EndGlobalSection
EndGlobal
